
Microsoft Visual Studio Solution File, Format Version 12.00
# Visual Studio Version 17
VisualStudioVersion = 17.4.33205.214
MinimumVisualStudioVersion = 10.0.40219.1
Project("{9A19103F-16F7-4668-BE54-9A1E7A4F7556}") = "StrategyPattern", "StrategyPattern\StrategyPattern.csproj", "{E07B986A-FD8B-4E49-ACEC-6E1CAF22BB4A}"
EndProject
Project("{9A19103F-16F7-4668-BE54-9A1E7A4F7556}") = "ObserverPattern", "ObserverPattern\ObserverPattern.csproj", "{275115E0-ADF4-4876-B5CC-DC131507F84D}"
EndProject
Project("{FAE04EC0-301F-11D3-BF4B-00C04F79EFBC}") = "DecoratorPattern", "DecoratorPattern\DecoratorPattern.csproj", "{13B36453-03AB-434F-95A4-10005C56138E}"
EndProject
Global
	GlobalSection(SolutionConfigurationPlatforms) = preSolution
		Debug|Any CPU = Debug|Any CPU
		Release|Any CPU = Release|Any CPU
	EndGlobalSection
	GlobalSection(ProjectConfigurationPlatforms) = postSolution
		{E07B986A-FD8B-4E49-ACEC-6E1CAF22BB4A}.Debug|Any CPU.ActiveCfg = Debug|Any CPU
		{E07B986A-FD8B-4E49-ACEC-6E1CAF22BB4A}.Debug|Any CPU.Build.0 = Debug|Any CPU
		{E07B986A-FD8B-4E49-ACEC-6E1CAF22BB4A}.Release|Any CPU.ActiveCfg = Release|Any CPU
		{E07B986A-FD8B-4E49-ACEC-6E1CAF22BB4A}.Release|Any CPU.Build.0 = Release|Any CPU
		{275115E0-ADF4-4876-B5CC-DC131507F84D}.Debug|Any CPU.ActiveCfg = Debug|Any CPU
		{275115E0-ADF4-4876-B5CC-DC131507F84D}.Debug|Any CPU.Build.0 = Debug|Any CPU
		{275115E0-ADF4-4876-B5CC-DC131507F84D}.Release|Any CPU.ActiveCfg = Release|Any CPU
		{275115E0-ADF4-4876-B5CC-DC131507F84D}.Release|Any CPU.Build.0 = Release|Any CPU
		{13B36453-03AB-434F-95A4-10005C56138E}.Debug|Any CPU.ActiveCfg = Debug|Any CPU
		{13B36453-03AB-434F-95A4-10005C56138E}.Debug|Any CPU.Build.0 = Debug|Any CPU
		{13B36453-03AB-434F-95A4-10005C56138E}.Release|Any CPU.ActiveCfg = Release|Any CPU
		{13B36453-03AB-434F-95A4-10005C56138E}.Release|Any CPU.Build.0 = Release|Any CPU
	EndGlobalSection
	GlobalSection(SolutionProperties) = preSolution
		HideSolutionNode = FALSE
	EndGlobalSection
	GlobalSection(ExtensibilityGlobals) = postSolution
		SolutionGuid = {965175D2-E650-4EBE-AB17-37C495E069CC}
	EndGlobalSection
EndGlobal
